
Microsoft Visual Studio Solution File, Format Version 12.00
# Visual Studio 2013
VisualStudioVersion = 12.0.21005.1
MinimumVisualStudioVersion = 10.0.40219.1
Project("{6141683F-8A12-4E36-9623-2EB02B2C2303}") = "InstallRedShed", "Setup1\InstallRedShed.isproj", "{EF2365DA-4AAC-456D-86D9-CEDAEAA3B70F}"
	ProjectSection(ProjectDependencies) = postProject
		{746246E6-953E-4D1A-99C5-DD1EC0191E7B} = {746246E6-953E-4D1A-99C5-DD1EC0191E7B}
	EndProjectSection
EndProject
Project("{FAE04EC0-301F-11D3-BF4B-00C04F79EFBC}") = "REDSHED", "RedShed\REDSHED.csproj", "{746246E6-953E-4D1A-99C5-DD1EC0191E7B}"
EndProject
Global
	GlobalSection(SolutionConfigurationPlatforms) = preSolution
		CD_ROM|Any CPU = CD_ROM|Any CPU
		CD_ROM|x86 = CD_ROM|x86
		Debug|Any CPU = Debug|Any CPU
		Debug|x86 = Debug|x86
		DVD-5|Any CPU = DVD-5|Any CPU
		DVD-5|x86 = DVD-5|x86
		Release|Any CPU = Release|Any CPU
		Release|x86 = Release|x86
		SingleImage|Any CPU = SingleImage|Any CPU
		SingleImage|x86 = SingleImage|x86
	EndGlobalSection
	GlobalSection(ProjectConfigurationPlatforms) = postSolution
		{EF2365DA-4AAC-456D-86D9-CEDAEAA3B70F}.CD_ROM|Any CPU.ActiveCfg = CD_ROM
		{EF2365DA-4AAC-456D-86D9-CEDAEAA3B70F}.CD_ROM|Any CPU.Build.0 = CD_ROM
		{EF2365DA-4AAC-456D-86D9-CEDAEAA3B70F}.CD_ROM|x86.ActiveCfg = CD_ROM
		{EF2365DA-4AAC-456D-86D9-CEDAEAA3B70F}.CD_ROM|x86.Build.0 = CD_ROM
		{EF2365DA-4AAC-456D-86D9-CEDAEAA3B70F}.Debug|Any CPU.ActiveCfg = DVD-5
		{EF2365DA-4AAC-456D-86D9-CEDAEAA3B70F}.Debug|Any CPU.Build.0 = DVD-5
		{EF2365DA-4AAC-456D-86D9-CEDAEAA3B70F}.Debug|x86.ActiveCfg = DVD-5
		{EF2365DA-4AAC-456D-86D9-CEDAEAA3B70F}.Debug|x86.Build.0 = DVD-5
		{EF2365DA-4AAC-456D-86D9-CEDAEAA3B70F}.DVD-5|Any CPU.ActiveCfg = DVD-5
		{EF2365DA-4AAC-456D-86D9-CEDAEAA3B70F}.DVD-5|Any CPU.Build.0 = DVD-5
		{EF2365DA-4AAC-456D-86D9-CEDAEAA3B70F}.DVD-5|x86.ActiveCfg = DVD-5
		{EF2365DA-4AAC-456D-86D9-CEDAEAA3B70F}.DVD-5|x86.Build.0 = DVD-5
		{EF2365DA-4AAC-456D-86D9-CEDAEAA3B70F}.Release|Any CPU.ActiveCfg = SingleImage
		{EF2365DA-4AAC-456D-86D9-CEDAEAA3B70F}.Release|Any CPU.Build.0 = SingleImage
		{EF2365DA-4AAC-456D-86D9-CEDAEAA3B70F}.Release|x86.ActiveCfg = SingleImage
		{EF2365DA-4AAC-456D-86D9-CEDAEAA3B70F}.Release|x86.Build.0 = SingleImage
		{EF2365DA-4AAC-456D-86D9-CEDAEAA3B70F}.SingleImage|Any CPU.ActiveCfg = SingleImage
		{EF2365DA-4AAC-456D-86D9-CEDAEAA3B70F}.SingleImage|Any CPU.Build.0 = SingleImage
		{EF2365DA-4AAC-456D-86D9-CEDAEAA3B70F}.SingleImage|x86.ActiveCfg = SingleImage
		{EF2365DA-4AAC-456D-86D9-CEDAEAA3B70F}.SingleImage|x86.Build.0 = SingleImage
		{746246E6-953E-4D1A-99C5-DD1EC0191E7B}.CD_ROM|Any CPU.ActiveCfg = Release|Any CPU
		{746246E6-953E-4D1A-99C5-DD1EC0191E7B}.CD_ROM|Any CPU.Build.0 = Release|Any CPU
		{746246E6-953E-4D1A-99C5-DD1EC0191E7B}.CD_ROM|x86.ActiveCfg = Release|Any CPU
		{746246E6-953E-4D1A-99C5-DD1EC0191E7B}.Debug|Any CPU.ActiveCfg = Debug|Any CPU
		{746246E6-953E-4D1A-99C5-DD1EC0191E7B}.Debug|Any CPU.Build.0 = Debug|Any CPU
		{746246E6-953E-4D1A-99C5-DD1EC0191E7B}.Debug|x86.ActiveCfg = Debug|Any CPU
		{746246E6-953E-4D1A-99C5-DD1EC0191E7B}.DVD-5|Any CPU.ActiveCfg = Debug|Any CPU
		{746246E6-953E-4D1A-99C5-DD1EC0191E7B}.DVD-5|Any CPU.Build.0 = Debug|Any CPU
		{746246E6-953E-4D1A-99C5-DD1EC0191E7B}.DVD-5|x86.ActiveCfg = Debug|Any CPU
		{746246E6-953E-4D1A-99C5-DD1EC0191E7B}.Release|Any CPU.ActiveCfg = Release|Any CPU
		{746246E6-953E-4D1A-99C5-DD1EC0191E7B}.Release|Any CPU.Build.0 = Release|Any CPU
		{746246E6-953E-4D1A-99C5-DD1EC0191E7B}.Release|x86.ActiveCfg = Release|Any CPU
		{746246E6-953E-4D1A-99C5-DD1EC0191E7B}.SingleImage|Any CPU.ActiveCfg = Release|Any CPU
		{746246E6-953E-4D1A-99C5-DD1EC0191E7B}.SingleImage|Any CPU.Build.0 = Release|Any CPU
		{746246E6-953E-4D1A-99C5-DD1EC0191E7B}.SingleImage|x86.ActiveCfg = Release|Any CPU
	EndGlobalSection
	GlobalSection(SolutionProperties) = preSolution
		HideSolutionNode = FALSE
	EndGlobalSection
EndGlobal
